
Microsoft Visual Studio Solution File, Format Version 12.00
# Visual Studio 15
VisualStudioVersion = 15.0.27703.2026
MinimumVisualStudioVersion = 10.0.40219.1
Project("{FAE04EC0-301F-11D3-BF4B-00C04F79EFBC}") = "ListViewExercise.Android", "ListViewExercise\ListViewExercise.Android\ListViewExercise.Android.csproj", "{47EE18DF-21C0-46A6-A4A2-F2B38860896B}"
EndProject
Project("{FAE04EC0-301F-11D3-BF4B-00C04F79EFBC}") = "ListViewExercise.iOS", "ListViewExercise\ListViewExercise.iOS\ListViewExercise.iOS.csproj", "{0BD1E398-725D-46B8-962E-3D6E1E52CA79}"
EndProject
Project("{FAE04EC0-301F-11D3-BF4B-00C04F79EFBC}") = "ListViewExercise.UWP", "ListViewExercise\ListViewExercise.UWP\ListViewExercise.UWP.csproj", "{E4B82C9B-DF5A-40EB-8649-979D8ABB9CF7}"
EndProject
Project("{D954291E-2A0B-460D-934E-DC6B0785DB48}") = "ListViewExercise", "ListViewExercise\ListViewExercise\ListViewExercise.shproj", "{4301D142-6F12-4F8F-B468-BC1EBE6079D9}"
EndProject
Global
	GlobalSection(SharedMSBuildProjectFiles) = preSolution
		ListViewExercise\ListViewExercise\ListViewExercise.projitems*{0bd1e398-725d-46b8-962e-3d6e1e52ca79}*SharedItemsImports = 4
		ListViewExercise\ListViewExercise\ListViewExercise.projitems*{4301d142-6f12-4f8f-b468-bc1ebe6079d9}*SharedItemsImports = 13
		ListViewExercise\ListViewExercise\ListViewExercise.projitems*{47ee18df-21c0-46a6-a4a2-f2b38860896b}*SharedItemsImports = 4
		ListViewExercise\ListViewExercise\ListViewExercise.projitems*{e4b82c9b-df5a-40eb-8649-979d8abb9cf7}*SharedItemsImports = 4
	EndGlobalSection
	GlobalSection(SolutionConfigurationPlatforms) = preSolution
		Ad-Hoc|Any CPU = Ad-Hoc|Any CPU
		Ad-Hoc|ARM = Ad-Hoc|ARM
		Ad-Hoc|iPhone = Ad-Hoc|iPhone
		Ad-Hoc|iPhoneSimulator = Ad-Hoc|iPhoneSimulator
		Ad-Hoc|x64 = Ad-Hoc|x64
		Ad-Hoc|x86 = Ad-Hoc|x86
		AppStore|Any CPU = AppStore|Any CPU
		AppStore|ARM = AppStore|ARM
		AppStore|iPhone = AppStore|iPhone
		AppStore|iPhoneSimulator = AppStore|iPhoneSimulator
		AppStore|x64 = AppStore|x64
		AppStore|x86 = AppStore|x86
		Debug|Any CPU = Debug|Any CPU
		Debug|ARM = Debug|ARM
		Debug|iPhone = Debug|iPhone
		Debug|iPhoneSimulator = Debug|iPhoneSimulator
		Debug|x64 = Debug|x64
		Debug|x86 = Debug|x86
		Release|Any CPU = Release|Any CPU
		Release|ARM = Release|ARM
		Release|iPhone = Release|iPhone
		Release|iPhoneSimulator = Release|iPhoneSimulator
		Release|x64 = Release|x64
		Release|x86 = Release|x86
	EndGlobalSection
	GlobalSection(ProjectConfigurationPlatforms) = postSolution
		{47EE18DF-21C0-46A6-A4A2-F2B38860896B}.Ad-Hoc|Any CPU.ActiveCfg = Release|Any CPU
		{47EE18DF-21C0-46A6-A4A2-F2B38860896B}.Ad-Hoc|Any CPU.Build.0 = Release|Any CPU
		{47EE18DF-21C0-46A6-A4A2-F2B38860896B}.Ad-Hoc|Any CPU.Deploy.0 = Release|Any CPU
		{47EE18DF-21C0-46A6-A4A2-F2B38860896B}.Ad-Hoc|ARM.ActiveCfg = Release|Any CPU
		{47EE18DF-21C0-46A6-A4A2-F2B38860896B}.Ad-Hoc|ARM.Build.0 = Release|Any CPU
		{47EE18DF-21C0-46A6-A4A2-F2B38860896B}.Ad-Hoc|ARM.Deploy.0 = Release|Any CPU
		{47EE18DF-21C0-46A6-A4A2-F2B38860896B}.Ad-Hoc|iPhone.ActiveCfg = Release|Any CPU
		{47EE18DF-21C0-46A6-A4A2-F2B38860896B}.Ad-Hoc|iPhone.Build.0 = Release|Any CPU
		{47EE18DF-21C0-46A6-A4A2-F2B38860896B}.Ad-Hoc|iPhone.Deploy.0 = Release|Any CPU
		{47EE18DF-21C0-46A6-A4A2-F2B38860896B}.Ad-Hoc|iPhoneSimulator.ActiveCfg = Release|Any CPU
		{47EE18DF-21C0-46A6-A4A2-F2B38860896B}.Ad-Hoc|iPhoneSimulator.Build.0 = Release|Any CPU
		{47EE18DF-21C0-46A6-A4A2-F2B38860896B}.Ad-Hoc|iPhoneSimulator.Deploy.0 = Release|Any CPU
		{47EE18DF-21C0-46A6-A4A2-F2B38860896B}.Ad-Hoc|x64.ActiveCfg = Release|Any CPU
		{47EE18DF-21C0-46A6-A4A2-F2B38860896B}.Ad-Hoc|x64.Build.0 = Release|Any CPU
		{47EE18DF-21C0-46A6-A4A2-F2B38860896B}.Ad-Hoc|x64.Deploy.0 = Release|Any CPU
		{47EE18DF-21C0-46A6-A4A2-F2B38860896B}.Ad-Hoc|x86.ActiveCfg = Release|Any CPU
		{47EE18DF-21C0-46A6-A4A2-F2B38860896B}.Ad-Hoc|x86.Build.0 = Release|Any CPU
		{47EE18DF-21C0-46A6-A4A2-F2B38860896B}.Ad-Hoc|x86.Deploy.0 = Release|Any CPU
		{47EE18DF-21C0-46A6-A4A2-F2B38860896B}.AppStore|Any CPU.ActiveCfg = Release|Any CPU
		{47EE18DF-21C0-46A6-A4A2-F2B38860896B}.AppStore|Any CPU.Build.0 = Release|Any CPU
		{47EE18DF-21C0-46A6-A4A2-F2B38860896B}.AppStore|Any CPU.Deploy.0 = Release|Any CPU
		{47EE18DF-21C0-46A6-A4A2-F2B38860896B}.AppStore|ARM.ActiveCfg = Release|Any CPU
		{47EE18DF-21C0-46A6-A4A2-F2B38860896B}.AppStore|ARM.Build.0 = Release|Any CPU
		{47EE18DF-21C0-46A6-A4A2-F2B38860896B}.AppStore|ARM.Deploy.0 = Release|Any CPU
		{47EE18DF-21C0-46A6-A4A2-F2B38860896B}.AppStore|iPhone.ActiveCfg = Release|Any CPU
		{47EE18DF-21C0-46A6-A4A2-F2B38860896B}.AppStore|iPhone.Build.0 = Release|Any CPU
		{47EE18DF-21C0-46A6-A4A2-F2B38860896B}.AppStore|iPhone.Deploy.0 = Release|Any CPU
		{47EE18DF-21C0-46A6-A4A2-F2B38860896B}.AppStore|iPhoneSimulator.ActiveCfg = Release|Any CPU
		{47EE18DF-21C0-46A6-A4A2-F2B38860896B}.AppStore|iPhoneSimulator.Build.0 = Release|Any CPU
		{47EE18DF-21C0-46A6-A4A2-F2B38860896B}.AppStore|iPhoneSimulator.Deploy.0 = Release|Any CPU
		{47EE18DF-21C0-46A6-A4A2-F2B38860896B}.AppStore|x64.ActiveCfg = Release|Any CPU
		{47EE18DF-21C0-46A6-A4A2-F2B38860896B}.AppStore|x64.Build.0 = Release|Any CPU
		{47EE18DF-21C0-46A6-A4A2-F2B38860896B}.AppStore|x64.Deploy.0 = Release|Any CPU
		{47EE18DF-21C0-46A6-A4A2-F2B38860896B}.AppStore|x86.ActiveCfg = Release|Any CPU
		{47EE18DF-21C0-46A6-A4A2-F2B38860896B}.AppStore|x86.Build.0 = Release|Any CPU
		{47EE18DF-21C0-46A6-A4A2-F2B38860896B}.AppStore|x86.Deploy.0 = Release|Any CPU
		{47EE18DF-21C0-46A6-A4A2-F2B38860896B}.Debug|Any CPU.ActiveCfg = Debug|Any CPU
		{47EE18DF-21C0-46A6-A4A2-F2B38860896B}.Debug|Any CPU.Build.0 = Debug|Any CPU
		{47EE18DF-21C0-46A6-A4A2-F2B38860896B}.Debug|Any CPU.Deploy.0 = Debug|Any CPU
		{47EE18DF-21C0-46A6-A4A2-F2B38860896B}.Debug|ARM.ActiveCfg = Debug|Any CPU
		{47EE18DF-21C0-46A6-A4A2-F2B38860896B}.Debug|ARM.Build.0 = Debug|Any CPU
		{47EE18DF-21C0-46A6-A4A2-F2B38860896B}.Debug|ARM.Deploy.0 = Debug|Any CPU
		{47EE18DF-21C0-46A6-A4A2-F2B38860896B}.Debug|iPhone.ActiveCfg = Debug|Any CPU
		{47EE18DF-21C0-46A6-A4A2-F2B38860896B}.Debug|iPhone.Build.0 = Debug|Any CPU
		{47EE18DF-21C0-46A6-A4A2-F2B38860896B}.Debug|iPhone.Deploy.0 = Debug|Any CPU
		{47EE18DF-21C0-46A6-A4A2-F2B38860896B}.Debug|iPhoneSimulator.ActiveCfg = Debug|Any CPU
		{47EE18DF-21C0-46A6-A4A2-F2B38860896B}.Debug|iPhoneSimulator.Build.0 = Debug|Any CPU
		{47EE18DF-21C0-46A6-A4A2-F2B38860896B}.Debug|iPhoneSimulator.Deploy.0 = Debug|Any CPU
		{47EE18DF-21C0-46A6-A4A2-F2B38860896B}.Debug|x64.ActiveCfg = Debug|Any CPU
		{47EE18DF-21C0-46A6-A4A2-F2B38860896B}.Debug|x64.Build.0 = Debug|Any CPU
		{47EE18DF-21C0-46A6-A4A2-F2B38860896B}.Debug|x64.Deploy.0 = Debug|Any CPU
		{47EE18DF-21C0-46A6-A4A2-F2B38860896B}.Debug|x86.ActiveCfg = Debug|Any CPU
		{47EE18DF-21C0-46A6-A4A2-F2B38860896B}.Debug|x86.Build.0 = Debug|Any CPU
		{47EE18DF-21C0-46A6-A4A2-F2B38860896B}.Debug|x86.Deploy.0 = Debug|Any CPU
		{47EE18DF-21C0-46A6-A4A2-F2B38860896B}.Release|Any CPU.ActiveCfg = Release|Any CPU
		{47EE18DF-21C0-46A6-A4A2-F2B38860896B}.Release|Any CPU.Build.0 = Release|Any CPU
		{47EE18DF-21C0-46A6-A4A2-F2B38860896B}.Release|Any CPU.Deploy.0 = Release|Any CPU
		{47EE18DF-21C0-46A6-A4A2-F2B38860896B}.Release|ARM.ActiveCfg = Release|Any CPU
		{47EE18DF-21C0-46A6-A4A2-F2B38860896B}.Release|ARM.Build.0 = Release|Any CPU
		{47EE18DF-21C0-46A6-A4A2-F2B38860896B}.Release|ARM.Deploy.0 = Release|Any CPU
		{47EE18DF-21C0-46A6-A4A2-F2B38860896B}.Release|iPhone.ActiveCfg = Release|Any CPU
		{47EE18DF-21C0-46A6-A4A2-F2B38860896B}.Release|iPhone.Build.0 = Release|Any CPU
		{47EE18DF-21C0-46A6-A4A2-F2B38860896B}.Release|iPhone.Deploy.0 = Release|Any CPU
		{47EE18DF-21C0-46A6-A4A2-F2B38860896B}.Release|iPhoneSimulator.ActiveCfg = Release|Any CPU
		{47EE18DF-21C0-46A6-A4A2-F2B38860896B}.Release|iPhoneSimulator.Build.0 = Release|Any CPU
		{47EE18DF-21C0-46A6-A4A2-F2B38860896B}.Release|iPhoneSimulator.Deploy.0 = Release|Any CPU
		{47EE18DF-21C0-46A6-A4A2-F2B38860896B}.Release|x64.ActiveCfg = Release|Any CPU
		{47EE18DF-21C0-46A6-A4A2-F2B38860896B}.Release|x64.Build.0 = Release|Any CPU
		{47EE18DF-21C0-46A6-A4A2-F2B38860896B}.Release|x64.Deploy.0 = Release|Any CPU
		{47EE18DF-21C0-46A6-A4A2-F2B38860896B}.Release|x86.ActiveCfg = Release|Any CPU
		{47EE18DF-21C0-46A6-A4A2-F2B38860896B}.Release|x86.Build.0 = Release|Any CPU
		{47EE18DF-21C0-46A6-A4A2-F2B38860896B}.Release|x86.Deploy.0 = Release|Any CPU
		{0BD1E398-725D-46B8-962E-3D6E1E52CA79}.Ad-Hoc|Any CPU.ActiveCfg = Ad-Hoc|iPhone
		{0BD1E398-725D-46B8-962E-3D6E1E52CA79}.Ad-Hoc|Any CPU.Build.0 = Ad-Hoc|iPhone
		{0BD1E398-725D-46B8-962E-3D6E1E52CA79}.Ad-Hoc|Any CPU.Deploy.0 = Ad-Hoc|iPhone
		{0BD1E398-725D-46B8-962E-3D6E1E52CA79}.Ad-Hoc|ARM.ActiveCfg = Ad-Hoc|iPhone
		{0BD1E398-725D-46B8-962E-3D6E1E52CA79}.Ad-Hoc|ARM.Build.0 = Ad-Hoc|iPhone
		{0BD1E398-725D-46B8-962E-3D6E1E52CA79}.Ad-Hoc|ARM.Deploy.0 = Ad-Hoc|iPhone
		{0BD1E398-725D-46B8-962E-3D6E1E52CA79}.Ad-Hoc|iPhone.ActiveCfg = Ad-Hoc|iPhone
		{0BD1E398-725D-46B8-962E-3D6E1E52CA79}.Ad-Hoc|iPhone.Build.0 = Ad-Hoc|iPhone
		{0BD1E398-725D-46B8-962E-3D6E1E52CA79}.Ad-Hoc|iPhone.Deploy.0 = Ad-Hoc|iPhone
		{0BD1E398-725D-46B8-962E-3D6E1E52CA79}.Ad-Hoc|iPhoneSimulator.ActiveCfg = Ad-Hoc|iPhoneSimulator
		{0BD1E398-725D-46B8-962E-3D6E1E52CA79}.Ad-Hoc|iPhoneSimulator.Build.0 = Ad-Hoc|iPhoneSimulator
		{0BD1E398-725D-46B8-962E-3D6E1E52CA79}.Ad-Hoc|iPhoneSimulator.Deploy.0 = Ad-Hoc|iPhoneSimulator
		{0BD1E398-725D-46B8-962E-3D6E1E52CA79}.Ad-Hoc|x64.ActiveCfg = Ad-Hoc|iPhone
		{0BD1E398-725D-46B8-962E-3D6E1E52CA79}.Ad-Hoc|x64.Build.0 = Ad-Hoc|iPhone
		{0BD1E398-725D-46B8-962E-3D6E1E52CA79}.Ad-Hoc|x64.Deploy.0 = Ad-Hoc|iPhone
		{0BD1E398-725D-46B8-962E-3D6E1E52CA79}.Ad-Hoc|x86.ActiveCfg = Ad-Hoc|iPhone
		{0BD1E398-725D-46B8-962E-3D6E1E52CA79}.Ad-Hoc|x86.Build.0 = Ad-Hoc|iPhone
		{0BD1E398-725D-46B8-962E-3D6E1E52CA79}.Ad-Hoc|x86.Deploy.0 = Ad-Hoc|iPhone
		{0BD1E398-725D-46B8-962E-3D6E1E52CA79}.AppStore|Any CPU.ActiveCfg = AppStore|iPhone
		{0BD1E398-725D-46B8-962E-3D6E1E52CA79}.AppStore|Any CPU.Build.0 = AppStore|iPhone
		{0BD1E398-725D-46B8-962E-3D6E1E52CA79}.AppStore|Any CPU.Deploy.0 = AppStore|iPhone
		{0BD1E398-725D-46B8-962E-3D6E1E52CA79}.AppStore|ARM.ActiveCfg = AppStore|iPhone
		{0BD1E398-725D-46B8-962E-3D6E1E52CA79}.AppStore|ARM.Build.0 = AppStore|iPhone
		{0BD1E398-725D-46B8-962E-3D6E1E52CA79}.AppStore|ARM.Deploy.0 = AppStore|iPhone
		{0BD1E398-725D-46B8-962E-3D6E1E52CA79}.AppStore|iPhone.ActiveCfg = AppStore|iPhone
		{0BD1E398-725D-46B8-962E-3D6E1E52CA79}.AppStore|iPhone.Build.0 = AppStore|iPhone
		{0BD1E398-725D-46B8-962E-3D6E1E52CA79}.AppStore|iPhone.Deploy.0 = AppStore|iPhone
		{0BD1E398-725D-46B8-962E-3D6E1E52CA79}.AppStore|iPhoneSimulator.ActiveCfg = AppStore|iPhoneSimulator
		{0BD1E398-725D-46B8-962E-3D6E1E52CA79}.AppStore|iPhoneSimulator.Build.0 = AppStore|iPhoneSimulator
		{0BD1E398-725D-46B8-962E-3D6E1E52CA79}.AppStore|iPhoneSimulator.Deploy.0 = AppStore|iPhoneSimulator
		{0BD1E398-725D-46B8-962E-3D6E1E52CA79}.AppStore|x64.ActiveCfg = AppStore|iPhone
		{0BD1E398-725D-46B8-962E-3D6E1E52CA79}.AppStore|x64.Build.0 = AppStore|iPhone
		{0BD1E398-725D-46B8-962E-3D6E1E52CA79}.AppStore|x64.Deploy.0 = AppStore|iPhone
		{0BD1E398-725D-46B8-962E-3D6E1E52CA79}.AppStore|x86.ActiveCfg = AppStore|iPhone
		{0BD1E398-725D-46B8-962E-3D6E1E52CA79}.AppStore|x86.Build.0 = AppStore|iPhone
		{0BD1E398-725D-46B8-962E-3D6E1E52CA79}.AppStore|x86.Deploy.0 = AppStore|iPhone
		{0BD1E398-725D-46B8-962E-3D6E1E52CA79}.Debug|Any CPU.ActiveCfg = Debug|iPhoneSimulator
		{0BD1E398-725D-46B8-962E-3D6E1E52CA79}.Debug|Any CPU.Build.0 = Debug|iPhoneSimulator
		{0BD1E398-725D-46B8-962E-3D6E1E52CA79}.Debug|Any CPU.Deploy.0 = Debug|iPhoneSimulator
		{0BD1E398-725D-46B8-962E-3D6E1E52CA79}.Debug|ARM.ActiveCfg = Debug|iPhone
		{0BD1E398-725D-46B8-962E-3D6E1E52CA79}.Debug|ARM.Build.0 = Debug|iPhone
		{0BD1E398-725D-46B8-962E-3D6E1E52CA79}.Debug|ARM.Deploy.0 = Debug|iPhone
		{0BD1E398-725D-46B8-962E-3D6E1E52CA79}.Debug|iPhone.ActiveCfg = Debug|iPhone
		{0BD1E398-725D-46B8-962E-3D6E1E52CA79}.Debug|iPhone.Build.0 = Debug|iPhone
		{0BD1E398-725D-46B8-962E-3D6E1E52CA79}.Debug|iPhone.Deploy.0 = Debug|iPhone
		{0BD1E398-725D-46B8-962E-3D6E1E52CA79}.Debug|iPhoneSimulator.ActiveCfg = Debug|iPhoneSimulator
		{0BD1E398-725D-46B8-962E-3D6E1E52CA79}.Debug|iPhoneSimulator.Build.0 = Debug|iPhoneSimulator
		{0BD1E398-725D-46B8-962E-3D6E1E52CA79}.Debug|iPhoneSimulator.Deploy.0 = Debug|iPhoneSimulator
		{0BD1E398-725D-46B8-962E-3D6E1E52CA79}.Debug|x64.ActiveCfg = Debug|iPhone
		{0BD1E398-725D-46B8-962E-3D6E1E52CA79}.Debug|x64.Build.0 = Debug|iPhone
		{0BD1E398-725D-46B8-962E-3D6E1E52CA79}.Debug|x64.Deploy.0 = Debug|iPhone
		{0BD1E398-725D-46B8-962E-3D6E1E52CA79}.Debug|x86.ActiveCfg = Debug|iPhone
		{0BD1E398-725D-46B8-962E-3D6E1E52CA79}.Debug|x86.Build.0 = Debug|iPhone
		{0BD1E398-725D-46B8-962E-3D6E1E52CA79}.Debug|x86.Deploy.0 = Debug|iPhone
		{0BD1E398-725D-46B8-962E-3D6E1E52CA79}.Release|Any CPU.ActiveCfg = Release|iPhone
		{0BD1E398-725D-46B8-962E-3D6E1E52CA79}.Release|Any CPU.Build.0 = Release|iPhone
		{0BD1E398-725D-46B8-962E-3D6E1E52CA79}.Release|Any CPU.Deploy.0 = Release|iPhone
		{0BD1E398-725D-46B8-962E-3D6E1E52CA79}.Release|ARM.ActiveCfg = Release|iPhone
		{0BD1E398-725D-46B8-962E-3D6E1E52CA79}.Release|ARM.Build.0 = Release|iPhone
		{0BD1E398-725D-46B8-962E-3D6E1E52CA79}.Release|ARM.Deploy.0 = Release|iPhone
		{0BD1E398-725D-46B8-962E-3D6E1E52CA79}.Release|iPhone.ActiveCfg = Release|iPhone
		{0BD1E398-725D-46B8-962E-3D6E1E52CA79}.Release|iPhone.Build.0 = Release|iPhone
		{0BD1E398-725D-46B8-962E-3D6E1E52CA79}.Release|iPhone.Deploy.0 = Release|iPhone
		{0BD1E398-725D-46B8-962E-3D6E1E52CA79}.Release|iPhoneSimulator.ActiveCfg = Release|iPhoneSimulator
		{0BD1E398-725D-46B8-962E-3D6E1E52CA79}.Release|iPhoneSimulator.Build.0 = Release|iPhoneSimulator
		{0BD1E398-725D-46B8-962E-3D6E1E52CA79}.Release|iPhoneSimulator.Deploy.0 = Release|iPhoneSimulator
		{0BD1E398-725D-46B8-962E-3D6E1E52CA79}.Release|x64.ActiveCfg = Release|iPhone
		{0BD1E398-725D-46B8-962E-3D6E1E52CA79}.Release|x64.Build.0 = Release|iPhone
		{0BD1E398-725D-46B8-962E-3D6E1E52CA79}.Release|x64.Deploy.0 = Release|iPhone
		{0BD1E398-725D-46B8-962E-3D6E1E52CA79}.Release|x86.ActiveCfg = Release|iPhone
		{0BD1E398-725D-46B8-962E-3D6E1E52CA79}.Release|x86.Build.0 = Release|iPhone
		{0BD1E398-725D-46B8-962E-3D6E1E52CA79}.Release|x86.Deploy.0 = Release|iPhone
		{E4B82C9B-DF5A-40EB-8649-979D8ABB9CF7}.Ad-Hoc|Any CPU.ActiveCfg = Release|x86
		{E4B82C9B-DF5A-40EB-8649-979D8ABB9CF7}.Ad-Hoc|Any CPU.Build.0 = Release|x86
		{E4B82C9B-DF5A-40EB-8649-979D8ABB9CF7}.Ad-Hoc|Any CPU.Deploy.0 = Release|x86
		{E4B82C9B-DF5A-40EB-8649-979D8ABB9CF7}.Ad-Hoc|ARM.ActiveCfg = Release|ARM
		{E4B82C9B-DF5A-40EB-8649-979D8ABB9CF7}.Ad-Hoc|ARM.Build.0 = Release|ARM
		{E4B82C9B-DF5A-40EB-8649-979D8ABB9CF7}.Ad-Hoc|ARM.Deploy.0 = Release|ARM
		{E4B82C9B-DF5A-40EB-8649-979D8ABB9CF7}.Ad-Hoc|iPhone.ActiveCfg = Release|x86
		{E4B82C9B-DF5A-40EB-8649-979D8ABB9CF7}.Ad-Hoc|iPhone.Build.0 = Release|x86
		{E4B82C9B-DF5A-40EB-8649-979D8ABB9CF7}.Ad-Hoc|iPhone.Deploy.0 = Release|x86
		{E4B82C9B-DF5A-40EB-8649-979D8ABB9CF7}.Ad-Hoc|iPhoneSimulator.ActiveCfg = Release|x86
		{E4B82C9B-DF5A-40EB-8649-979D8ABB9CF7}.Ad-Hoc|iPhoneSimulator.Build.0 = Release|x86
		{E4B82C9B-DF5A-40EB-8649-979D8ABB9CF7}.Ad-Hoc|iPhoneSimulator.Deploy.0 = Release|x86
		{E4B82C9B-DF5A-40EB-8649-979D8ABB9CF7}.Ad-Hoc|x64.ActiveCfg = Release|x64
		{E4B82C9B-DF5A-40EB-8649-979D8ABB9CF7}.Ad-Hoc|x64.Build.0 = Release|x64
		{E4B82C9B-DF5A-40EB-8649-979D8ABB9CF7}.Ad-Hoc|x64.Deploy.0 = Release|x64
		{E4B82C9B-DF5A-40EB-8649-979D8ABB9CF7}.Ad-Hoc|x86.ActiveCfg = Release|x86
		{E4B82C9B-DF5A-40EB-8649-979D8ABB9CF7}.Ad-Hoc|x86.Build.0 = Release|x86
		{E4B82C9B-DF5A-40EB-8649-979D8ABB9CF7}.Ad-Hoc|x86.Deploy.0 = Release|x86
		{E4B82C9B-DF5A-40EB-8649-979D8ABB9CF7}.AppStore|Any CPU.ActiveCfg = Release|x86
		{E4B82C9B-DF5A-40EB-8649-979D8ABB9CF7}.AppStore|Any CPU.Build.0 = Release|x86
		{E4B82C9B-DF5A-40EB-8649-979D8ABB9CF7}.AppStore|Any CPU.Deploy.0 = Release|x86
		{E4B82C9B-DF5A-40EB-8649-979D8ABB9CF7}.AppStore|ARM.ActiveCfg = Release|ARM
		{E4B82C9B-DF5A-40EB-8649-979D8ABB9CF7}.AppStore|ARM.Build.0 = Release|ARM
		{E4B82C9B-DF5A-40EB-8649-979D8ABB9CF7}.AppStore|ARM.Deploy.0 = Release|ARM
		{E4B82C9B-DF5A-40EB-8649-979D8ABB9CF7}.AppStore|iPhone.ActiveCfg = Release|x86
		{E4B82C9B-DF5A-40EB-8649-979D8ABB9CF7}.AppStore|iPhone.Build.0 = Release|x86
		{E4B82C9B-DF5A-40EB-8649-979D8ABB9CF7}.AppStore|iPhone.Deploy.0 = Release|x86
		{E4B82C9B-DF5A-40EB-8649-979D8ABB9CF7}.AppStore|iPhoneSimulator.ActiveCfg = Release|x86
		{E4B82C9B-DF5A-40EB-8649-979D8ABB9CF7}.AppStore|iPhoneSimulator.Build.0 = Release|x86
		{E4B82C9B-DF5A-40EB-8649-979D8ABB9CF7}.AppStore|iPhoneSimulator.Deploy.0 = Release|x86
		{E4B82C9B-DF5A-40EB-8649-979D8ABB9CF7}.AppStore|x64.ActiveCfg = Release|x64
		{E4B82C9B-DF5A-40EB-8649-979D8ABB9CF7}.AppStore|x64.Build.0 = Release|x64
		{E4B82C9B-DF5A-40EB-8649-979D8ABB9CF7}.AppStore|x64.Deploy.0 = Release|x64
		{E4B82C9B-DF5A-40EB-8649-979D8ABB9CF7}.AppStore|x86.ActiveCfg = Release|x86
		{E4B82C9B-DF5A-40EB-8649-979D8ABB9CF7}.AppStore|x86.Build.0 = Release|x86
		{E4B82C9B-DF5A-40EB-8649-979D8ABB9CF7}.AppStore|x86.Deploy.0 = Release|x86
		{E4B82C9B-DF5A-40EB-8649-979D8ABB9CF7}.Debug|Any CPU.ActiveCfg = Debug|x86
		{E4B82C9B-DF5A-40EB-8649-979D8ABB9CF7}.Debug|Any CPU.Build.0 = Debug|x86
		{E4B82C9B-DF5A-40EB-8649-979D8ABB9CF7}.Debug|Any CPU.Deploy.0 = Debug|x86
		{E4B82C9B-DF5A-40EB-8649-979D8ABB9CF7}.Debug|ARM.ActiveCfg = Debug|ARM
		{E4B82C9B-DF5A-40EB-8649-979D8ABB9CF7}.Debug|ARM.Build.0 = Debug|ARM
		{E4B82C9B-DF5A-40EB-8649-979D8ABB9CF7}.Debug|ARM.Deploy.0 = Debug|ARM
		{E4B82C9B-DF5A-40EB-8649-979D8ABB9CF7}.Debug|iPhone.ActiveCfg = Debug|x86
		{E4B82C9B-DF5A-40EB-8649-979D8ABB9CF7}.Debug|iPhone.Build.0 = Debug|x86
		{E4B82C9B-DF5A-40EB-8649-979D8ABB9CF7}.Debug|iPhone.Deploy.0 = Debug|x86
		{E4B82C9B-DF5A-40EB-8649-979D8ABB9CF7}.Debug|iPhoneSimulator.ActiveCfg = Debug|x86
		{E4B82C9B-DF5A-40EB-8649-979D8ABB9CF7}.Debug|iPhoneSimulator.Build.0 = Debug|x86
		{E4B82C9B-DF5A-40EB-8649-979D8ABB9CF7}.Debug|iPhoneSimulator.Deploy.0 = Debug|x86
		{E4B82C9B-DF5A-40EB-8649-979D8ABB9CF7}.Debug|x64.ActiveCfg = Debug|x64
		{E4B82C9B-DF5A-40EB-8649-979D8ABB9CF7}.Debug|x64.Build.0 = Debug|x64
		{E4B82C9B-DF5A-40EB-8649-979D8ABB9CF7}.Debug|x64.Deploy.0 = Debug|x64
		{E4B82C9B-DF5A-40EB-8649-979D8ABB9CF7}.Debug|x86.ActiveCfg = Debug|x86
		{E4B82C9B-DF5A-40EB-8649-979D8ABB9CF7}.Debug|x86.Build.0 = Debug|x86
		{E4B82C9B-DF5A-40EB-8649-979D8ABB9CF7}.Debug|x86.Deploy.0 = Debug|x86
		{E4B82C9B-DF5A-40EB-8649-979D8ABB9CF7}.Release|Any CPU.ActiveCfg = Release|x86
		{E4B82C9B-DF5A-40EB-8649-979D8ABB9CF7}.Release|Any CPU.Build.0 = Release|x86
		{E4B82C9B-DF5A-40EB-8649-979D8ABB9CF7}.Release|Any CPU.Deploy.0 = Release|x86
		{E4B82C9B-DF5A-40EB-8649-979D8ABB9CF7}.Release|ARM.ActiveCfg = Release|ARM
		{E4B82C9B-DF5A-40EB-8649-979D8ABB9CF7}.Release|ARM.Build.0 = Release|ARM
		{E4B82C9B-DF5A-40EB-8649-979D8ABB9CF7}.Release|ARM.Deploy.0 = Release|ARM
		{E4B82C9B-DF5A-40EB-8649-979D8ABB9CF7}.Release|iPhone.ActiveCfg = Release|x86
		{E4B82C9B-DF5A-40EB-8649-979D8ABB9CF7}.Release|iPhone.Build.0 = Release|x86
		{E4B82C9B-DF5A-40EB-8649-979D8ABB9CF7}.Release|iPhone.Deploy.0 = Release|x86
		{E4B82C9B-DF5A-40EB-8649-979D8ABB9CF7}.Release|iPhoneSimulator.ActiveCfg = Release|x86
		{E4B82C9B-DF5A-40EB-8649-979D8ABB9CF7}.Release|iPhoneSimulator.Build.0 = Release|x86
		{E4B82C9B-DF5A-40EB-8649-979D8ABB9CF7}.Release|iPhoneSimulator.Deploy.0 = Release|x86
		{E4B82C9B-DF5A-40EB-8649-979D8ABB9CF7}.Release|x64.ActiveCfg = Release|x64
		{E4B82C9B-DF5A-40EB-8649-979D8ABB9CF7}.Release|x64.Build.0 = Release|x64
		{E4B82C9B-DF5A-40EB-8649-979D8ABB9CF7}.Release|x64.Deploy.0 = Release|x64
		{E4B82C9B-DF5A-40EB-8649-979D8ABB9CF7}.Release|x86.ActiveCfg = Release|x86
		{E4B82C9B-DF5A-40EB-8649-979D8ABB9CF7}.Release|x86.Build.0 = Release|x86
		{E4B82C9B-DF5A-40EB-8649-979D8ABB9CF7}.Release|x86.Deploy.0 = Release|x86
	EndGlobalSection
	GlobalSection(SolutionProperties) = preSolution
		HideSolutionNode = FALSE
	EndGlobalSection
	GlobalSection(ExtensibilityGlobals) = postSolution
		SolutionGuid = {59EE8989-5176-4D62-A9E2-8B7B9549987E}
	EndGlobalSection
EndGlobal
